{
  "name": "@jswork/taro-echarts",
  "version": "1.0.1",
  "lockfileVersion": 1,
  "requires": true,
  "dependencies": {
    "@jswork/echarts-tinny": {
      "version": "1.0.0",
      "resolved": "https://registry.npmjs.org/@jswork/echarts-tinny/-/echarts-tinny-1.0.0.tgz",
      "integrity": "sha512-W0mU0T+1t8O9gckSha+6p9GJSFCkBp0gnAOKpP/Ti1IRbCrYQgHdFatevTHrZs4DpcL+gu4+CQLaovrKK6BkvQ=="
    },
    "@types/echarts": {
      "version": "4.9.7",
      "resolved": "https://registry.nlark.com/@types/echarts/download/@types/echarts-4.9.7.tgz?cache=0&sync_timestamp=1621241051537&other_urls=https%3A%2F%2Fregistry.nlark.com%2F%40types%2Fecharts%2Fdownload%2F%40types%2Fecharts-4.9.7.tgz",
      "integrity": "sha1-RDf7UDER9bHteWHnuVx+0JpIRKM=",
      "dev": true,
      "requires": {
        "@types/zrender": "*"
      }
    },
    "@types/zrender": {
      "version": "4.0.0",
      "resolved": "https://registry.nlark.com/@types/zrender/download/@types/zrender-4.0.0.tgz",
      "integrity": "sha1-poBvEuxOzKrr2bDYFvBJrKYYj70=",
      "dev": true
    }
  }
}
